
Microsoft Visual Studio Solution File, Format Version 12.00
# Visual Studio Version 17
VisualStudioVersion = 17.14.36616.10 d17.14
MinimumVisualStudioVersion = 10.0.40219.1
Project("{FAE04EC0-301F-11D3-BF4B-00C04F79EFBC}") = "SimplePeopleApi", "SimplePeopleApi.csproj", "{A858F9AF-6C91-4C7A-9719-BA69C84E7988}"
EndProject
Global
	GlobalSection(SolutionConfigurationPlatforms) = preSolution
		Debug|Any CPU = Debug|Any CPU
		Release|Any CPU = Release|Any CPU
	EndGlobalSection
	GlobalSection(ProjectConfigurationPlatforms) = postSolution
		{A858F9AF-6C91-4C7A-9719-BA69C84E7988}.Debug|Any CPU.ActiveCfg = Debug|Any CPU
		{A858F9AF-6C91-4C7A-9719-BA69C84E7988}.Debug|Any CPU.Build.0 = Debug|Any CPU
		{A858F9AF-6C91-4C7A-9719-BA69C84E7988}.Release|Any CPU.ActiveCfg = Release|Any CPU
		{A858F9AF-6C91-4C7A-9719-BA69C84E7988}.Release|Any CPU.Build.0 = Release|Any CPU
	EndGlobalSection
	GlobalSection(SolutionProperties) = preSolution
		HideSolutionNode = FALSE
	EndGlobalSection
	GlobalSection(ExtensibilityGlobals) = postSolution
		SolutionGuid = {713344D4-6931-4F7D-ABB4-993F86DE4DD1}
	EndGlobalSection
EndGlobal
